// !$*UTF8*$!
{
	archiveVersion = 1;
	classes = {
	};
	objectVersion = 46;
	objects = {

/* Begin PBXBuildFile section */
		B5BE8C6721A1C4DE00070BAF /* IO.swift in Sources */ = {isa = PBXBuildFile; fileRef = B5BE8C6321A1C39300070BAF /* IO.swift */; };
		B5D8CD7121A1C7F700E1A6DF /* Context.swift in Sources */ = {isa = PBXBuildFile; fileRef = B5D8CD7021A1C7F700E1A6DF /* Context.swift */; };
		B5D8CD7321A1C84D00E1A6DF /* Specialization.swift in Sources */ = {isa = PBXBuildFile; fileRef = B5D8CD7221A1C84D00E1A6DF /* Specialization.swift */; };
		B5D8CD7521A1C8C700E1A6DF /* bfs.swift in Sources */ = {isa = PBXBuildFile; fileRef = B5D8CD7421A1C8C700E1A6DF /* bfs.swift */; };
		B5D8CD7721A1C8D300E1A6DF /* dfs.swift in Sources */ = {isa = PBXBuildFile; fileRef = B5D8CD7621A1C8D300E1A6DF /* dfs.swift */; };
		OBJ_105 /* Package.swift in Sources */ = {isa = PBXBuildFile; fileRef = OBJ_30 /* Package.swift */; };
		OBJ_111 /* Arguments.swift in Sources */ = {isa = PBXBuildFile; fileRef = OBJ_16 /* Arguments.swift */; };
		OBJ_112 /* CommandLine.swift in Sources */ = {isa = PBXBuildFile; fileRef = OBJ_17 /* CommandLine.swift */; };
		OBJ_113 /* EnumAssociable.swift in Sources */ = {isa = PBXBuildFile; fileRef = OBJ_18 /* EnumAssociable.swift */; };
		OBJ_114 /* Formatter.swift in Sources */ = {isa = PBXBuildFile; fileRef = OBJ_19 /* Formatter.swift */; };
		OBJ_115 /* Inference.swift in Sources */ = {isa = PBXBuildFile; fileRef = OBJ_20 /* Inference.swift */; };
		OBJ_116 /* Options.swift in Sources */ = {isa = PBXBuildFile; fileRef = OBJ_21 /* Options.swift */; };
		OBJ_117 /* OptionsDescriptor.swift in Sources */ = {isa = PBXBuildFile; fileRef = OBJ_22 /* OptionsDescriptor.swift */; };
		OBJ_118 /* OptionsStore.swift in Sources */ = {isa = PBXBuildFile; fileRef = OBJ_23 /* OptionsStore.swift */; };
		OBJ_119 /* Rules.swift in Sources */ = {isa = PBXBuildFile; fileRef = OBJ_24 /* Rules.swift */; };
		OBJ_120 /* RulesStore.swift in Sources */ = {isa = PBXBuildFile; fileRef = OBJ_25 /* RulesStore.swift */; };
		OBJ_121 /* SwiftFormat.swift in Sources */ = {isa = PBXBuildFile; fileRef = OBJ_26 /* SwiftFormat.swift */; };
		OBJ_122 /* Tokenizer.swift in Sources */ = {isa = PBXBuildFile; fileRef = OBJ_27 /* Tokenizer.swift */; };
		OBJ_129 /* Package.swift in Sources */ = {isa = PBXBuildFile; fileRef = OBJ_28 /* Package.swift */; };
		OBJ_135 /* Algorithm.swift in Sources */ = {isa = PBXBuildFile; fileRef = OBJ_8 /* Algorithm.swift */; };
		OBJ_136 /* main.swift in Sources */ = {isa = PBXBuildFile; fileRef = OBJ_9 /* main.swift */; };
		OBJ_138 /* SwiftFormat.framework in Frameworks */ = {isa = PBXBuildFile; fileRef = "SwiftFormat::SwiftFormat::Product" /* SwiftFormat.framework */; };
		OBJ_139 /* Stencil.framework in Frameworks */ = {isa = PBXBuildFile; fileRef = "Stencil::Stencil::Product" /* Stencil.framework */; };
		OBJ_140 /* PathKit.framework in Frameworks */ = {isa = PBXBuildFile; fileRef = "PathKit::PathKit::Product" /* PathKit.framework */; };
		OBJ_149 /* Package.swift in Sources */ = {isa = PBXBuildFile; fileRef = OBJ_6 /* Package.swift */; };
		OBJ_64 /* PathKit.swift in Sources */ = {isa = PBXBuildFile; fileRef = OBJ_53 /* PathKit.swift */; };
		OBJ_71 /* Package.swift in Sources */ = {isa = PBXBuildFile; fileRef = OBJ_52 /* Package.swift */; };
		OBJ_77 /* Context.swift in Sources */ = {isa = PBXBuildFile; fileRef = OBJ_31 /* Context.swift */; };
		OBJ_78 /* Environment.swift in Sources */ = {isa = PBXBuildFile; fileRef = OBJ_32 /* Environment.swift */; };
		OBJ_79 /* Errors.swift in Sources */ = {isa = PBXBuildFile; fileRef = OBJ_33 /* Errors.swift */; };
		OBJ_80 /* Expression.swift in Sources */ = {isa = PBXBuildFile; fileRef = OBJ_34 /* Expression.swift */; };
		OBJ_81 /* Extension.swift in Sources */ = {isa = PBXBuildFile; fileRef = OBJ_35 /* Extension.swift */; };
		OBJ_82 /* FilterTag.swift in Sources */ = {isa = PBXBuildFile; fileRef = OBJ_36 /* FilterTag.swift */; };
		OBJ_83 /* Filters.swift in Sources */ = {isa = PBXBuildFile; fileRef = OBJ_37 /* Filters.swift */; };
		OBJ_84 /* ForTag.swift in Sources */ = {isa = PBXBuildFile; fileRef = OBJ_38 /* ForTag.swift */; };
		OBJ_85 /* IfTag.swift in Sources */ = {isa = PBXBuildFile; fileRef = OBJ_39 /* IfTag.swift */; };
		OBJ_86 /* Include.swift in Sources */ = {isa = PBXBuildFile; fileRef = OBJ_40 /* Include.swift */; };
		OBJ_87 /* Inheritence.swift in Sources */ = {isa = PBXBuildFile; fileRef = OBJ_41 /* Inheritence.swift */; };
		OBJ_88 /* KeyPath.swift in Sources */ = {isa = PBXBuildFile; fileRef = OBJ_42 /* KeyPath.swift */; };
		OBJ_89 /* Lexer.swift in Sources */ = {isa = PBXBuildFile; fileRef = OBJ_43 /* Lexer.swift */; };
		OBJ_90 /* Loader.swift in Sources */ = {isa = PBXBuildFile; fileRef = OBJ_44 /* Loader.swift */; };
		OBJ_91 /* Node.swift in Sources */ = {isa = PBXBuildFile; fileRef = OBJ_45 /* Node.swift */; };
		OBJ_92 /* NowTag.swift in Sources */ = {isa = PBXBuildFile; fileRef = OBJ_46 /* NowTag.swift */; };
		OBJ_93 /* Parser.swift in Sources */ = {isa = PBXBuildFile; fileRef = OBJ_47 /* Parser.swift */; };
		OBJ_94 /* Template.swift in Sources */ = {isa = PBXBuildFile; fileRef = OBJ_48 /* Template.swift */; };
		OBJ_95 /* Tokenizer.swift in Sources */ = {isa = PBXBuildFile; fileRef = OBJ_49 /* Tokenizer.swift */; };
		OBJ_96 /* Variable.swift in Sources */ = {isa = PBXBuildFile; fileRef = OBJ_50 /* Variable.swift */; };
		OBJ_98 /* PathKit.framework in Frameworks */ = {isa = PBXBuildFile; fileRef = "PathKit::PathKit::Product" /* PathKit.framework */; };
/* End PBXBuildFile section */

/* Begin PBXContainerItemProxy section */
		B5BE8C5D21A18F3A00070BAF /* PBXContainerItemProxy */ = {
			isa = PBXContainerItemProxy;
			containerPortal = OBJ_1 /* Project object */;
			proxyType = 1;
			remoteGlobalIDString = "SwiftFormat::SwiftFormat";
			remoteInfo = SwiftFormat;
		};
		B5BE8C5E21A18F3A00070BAF /* PBXContainerItemProxy */ = {
			isa = PBXContainerItemProxy;
			containerPortal = OBJ_1 /* Project object */;
			proxyType = 1;
			remoteGlobalIDString = "Stencil::Stencil";
			remoteInfo = Stencil;
		};
		B5BE8C5F21A18F3A00070BAF /* PBXContainerItemProxy */ = {
			isa = PBXContainerItemProxy;
			containerPortal = OBJ_1 /* Project object */;
			proxyType = 1;
			remoteGlobalIDString = "PathKit::PathKit";
			remoteInfo = PathKit;
		};
		B5BE8C6021A18F3A00070BAF /* PBXContainerItemProxy */ = {
			isa = PBXContainerItemProxy;
			containerPortal = OBJ_1 /* Project object */;
			proxyType = 1;
			remoteGlobalIDString = "PathKit::PathKit";
			remoteInfo = PathKit;
		};
/* End PBXContainerItemProxy section */

/* Begin PBXFileReference section */
		B5BE8C6321A1C39300070BAF /* IO.swift */ = {isa = PBXFileReference; lastKnownFileType = sourcecode.swift; path = IO.swift; sourceTree = "<group>"; };
		B5D8CD7021A1C7F700E1A6DF /* Context.swift */ = {isa = PBXFileReference; lastKnownFileType = sourcecode.swift; path = Context.swift; sourceTree = "<group>"; };
		B5D8CD7221A1C84D00E1A6DF /* Specialization.swift */ = {isa = PBXFileReference; lastKnownFileType = sourcecode.swift; path = Specialization.swift; sourceTree = "<group>"; };
		B5D8CD7421A1C8C700E1A6DF /* bfs.swift */ = {isa = PBXFileReference; lastKnownFileType = sourcecode.swift; path = bfs.swift; sourceTree = "<group>"; };
		B5D8CD7621A1C8D300E1A6DF /* dfs.swift */ = {isa = PBXFileReference; lastKnownFileType = sourcecode.swift; path = dfs.swift; sourceTree = "<group>"; };
		OBJ_11 /* Templates */ = {isa = PBXFileReference; lastKnownFileType = folder; path = Templates; sourceTree = SOURCE_ROOT; };
		OBJ_16 /* Arguments.swift */ = {isa = PBXFileReference; lastKnownFileType = sourcecode.swift; path = Arguments.swift; sourceTree = "<group>"; };
		OBJ_17 /* CommandLine.swift */ = {isa = PBXFileReference; lastKnownFileType = sourcecode.swift; path = CommandLine.swift; sourceTree = "<group>"; };
		OBJ_18 /* EnumAssociable.swift */ = {isa = PBXFileReference; lastKnownFileType = sourcecode.swift; path = EnumAssociable.swift; sourceTree = "<group>"; };
		OBJ_19 /* Formatter.swift */ = {isa = PBXFileReference; lastKnownFileType = sourcecode.swift; path = Formatter.swift; sourceTree = "<group>"; };
		OBJ_20 /* Inference.swift */ = {isa = PBXFileReference; lastKnownFileType = sourcecode.swift; path = Inference.swift; sourceTree = "<group>"; };
		OBJ_21 /* Options.swift */ = {isa = PBXFileReference; lastKnownFileType = sourcecode.swift; path = Options.swift; sourceTree = "<group>"; };
		OBJ_22 /* OptionsDescriptor.swift */ = {isa = PBXFileReference; lastKnownFileType = sourcecode.swift; path = OptionsDescriptor.swift; sourceTree = "<group>"; };
		OBJ_23 /* OptionsStore.swift */ = {isa = PBXFileReference; lastKnownFileType = sourcecode.swift; path = OptionsStore.swift; sourceTree = "<group>"; };
		OBJ_24 /* Rules.swift */ = {isa = PBXFileReference; lastKnownFileType = sourcecode.swift; path = Rules.swift; sourceTree = "<group>"; };
		OBJ_25 /* RulesStore.swift */ = {isa = PBXFileReference; lastKnownFileType = sourcecode.swift; path = RulesStore.swift; sourceTree = "<group>"; };
		OBJ_26 /* SwiftFormat.swift */ = {isa = PBXFileReference; lastKnownFileType = sourcecode.swift; path = SwiftFormat.swift; sourceTree = "<group>"; };
		OBJ_27 /* Tokenizer.swift */ = {isa = PBXFileReference; lastKnownFileType = sourcecode.swift; path = Tokenizer.swift; sourceTree = "<group>"; };
		OBJ_28 /* Package.swift */ = {isa = PBXFileReference; explicitFileType = sourcecode.swift; name = Package.swift; path = "/Users/ferranpujolcamins/development/SwiftGraph/SwiftGraphMeta/.build/checkouts/SwiftFormat.git--6154446491059800643/Package.swift"; sourceTree = "<group>"; };
		OBJ_30 /* Package.swift */ = {isa = PBXFileReference; explicitFileType = sourcecode.swift; name = Package.swift; path = "/Users/ferranpujolcamins/development/SwiftGraph/SwiftGraphMeta/.build/checkouts/Stencil.git-4004820273740900614/Package.swift"; sourceTree = "<group>"; };
		OBJ_31 /* Context.swift */ = {isa = PBXFileReference; lastKnownFileType = sourcecode.swift; path = Context.swift; sourceTree = "<group>"; };
		OBJ_32 /* Environment.swift */ = {isa = PBXFileReference; lastKnownFileType = sourcecode.swift; path = Environment.swift; sourceTree = "<group>"; };
		OBJ_33 /* Errors.swift */ = {isa = PBXFileReference; lastKnownFileType = sourcecode.swift; path = Errors.swift; sourceTree = "<group>"; };
		OBJ_34 /* Expression.swift */ = {isa = PBXFileReference; lastKnownFileType = sourcecode.swift; path = Expression.swift; sourceTree = "<group>"; };
		OBJ_35 /* Extension.swift */ = {isa = PBXFileReference; lastKnownFileType = sourcecode.swift; path = Extension.swift; sourceTree = "<group>"; };
		OBJ_36 /* FilterTag.swift */ = {isa = PBXFileReference; lastKnownFileType = sourcecode.swift; path = FilterTag.swift; sourceTree = "<group>"; };
		OBJ_37 /* Filters.swift */ = {isa = PBXFileReference; lastKnownFileType = sourcecode.swift; path = Filters.swift; sourceTree = "<group>"; };
		OBJ_38 /* ForTag.swift */ = {isa = PBXFileReference; lastKnownFileType = sourcecode.swift; path = ForTag.swift; sourceTree = "<group>"; };
		OBJ_39 /* IfTag.swift */ = {isa = PBXFileReference; lastKnownFileType = sourcecode.swift; path = IfTag.swift; sourceTree = "<group>"; };
		OBJ_40 /* Include.swift */ = {isa = PBXFileReference; lastKnownFileType = sourcecode.swift; path = Include.swift; sourceTree = "<group>"; };
		OBJ_41 /* Inheritence.swift */ = {isa = PBXFileReference; lastKnownFileType = sourcecode.swift; path = Inheritence.swift; sourceTree = "<group>"; };
		OBJ_42 /* KeyPath.swift */ = {isa = PBXFileReference; lastKnownFileType = sourcecode.swift; path = KeyPath.swift; sourceTree = "<group>"; };
		OBJ_43 /* Lexer.swift */ = {isa = PBXFileReference; lastKnownFileType = sourcecode.swift; path = Lexer.swift; sourceTree = "<group>"; };
		OBJ_44 /* Loader.swift */ = {isa = PBXFileReference; lastKnownFileType = sourcecode.swift; path = Loader.swift; sourceTree = "<group>"; };
		OBJ_45 /* Node.swift */ = {isa = PBXFileReference; lastKnownFileType = sourcecode.swift; path = Node.swift; sourceTree = "<group>"; };
		OBJ_46 /* NowTag.swift */ = {isa = PBXFileReference; lastKnownFileType = sourcecode.swift; path = NowTag.swift; sourceTree = "<group>"; };
		OBJ_47 /* Parser.swift */ = {isa = PBXFileReference; lastKnownFileType = sourcecode.swift; path = Parser.swift; sourceTree = "<group>"; };
		OBJ_48 /* Template.swift */ = {isa = PBXFileReference; lastKnownFileType = sourcecode.swift; path = Template.swift; sourceTree = "<group>"; };
		OBJ_49 /* Tokenizer.swift */ = {isa = PBXFileReference; lastKnownFileType = sourcecode.swift; path = Tokenizer.swift; sourceTree = "<group>"; };
		OBJ_50 /* Variable.swift */ = {isa = PBXFileReference; lastKnownFileType = sourcecode.swift; path = Variable.swift; sourceTree = "<group>"; };
		OBJ_52 /* Package.swift */ = {isa = PBXFileReference; explicitFileType = sourcecode.swift; name = Package.swift; path = "/Users/ferranpujolcamins/development/SwiftGraph/SwiftGraphMeta/.build/checkouts/PathKit.git--3071277547364605650/Package.swift"; sourceTree = "<group>"; };
		OBJ_53 /* PathKit.swift */ = {isa = PBXFileReference; lastKnownFileType = sourcecode.swift; path = PathKit.swift; sourceTree = "<group>"; };
		OBJ_6 /* Package.swift */ = {isa = PBXFileReference; explicitFileType = sourcecode.swift; path = Package.swift; sourceTree = "<group>"; };
		OBJ_8 /* Algorithm.swift */ = {isa = PBXFileReference; lastKnownFileType = sourcecode.swift; path = Algorithm.swift; sourceTree = "<group>"; };
		OBJ_9 /* main.swift */ = {isa = PBXFileReference; lastKnownFileType = sourcecode.swift; path = main.swift; sourceTree = "<group>"; };
		"PathKit::PathKit::Product" /* PathKit.framework */ = {isa = PBXFileReference; lastKnownFileType = wrapper.framework; path = PathKit.framework; sourceTree = BUILT_PRODUCTS_DIR; };
		"Stencil::Stencil::Product" /* Stencil.framework */ = {isa = PBXFileReference; lastKnownFileType = wrapper.framework; path = Stencil.framework; sourceTree = BUILT_PRODUCTS_DIR; };
		"SwiftFormat::SwiftFormat::Product" /* SwiftFormat.framework */ = {isa = PBXFileReference; lastKnownFileType = wrapper.framework; path = SwiftFormat.framework; sourceTree = BUILT_PRODUCTS_DIR; };
		"SwiftGraphMeta::SwiftGraphMeta::Product" /* SwiftGraphMeta */ = {isa = PBXFileReference; lastKnownFileType = text; path = SwiftGraphMeta; sourceTree = BUILT_PRODUCTS_DIR; };
/* End PBXFileReference section */

/* Begin PBXFrameworksBuildPhase section */
		OBJ_123 /* Frameworks */ = {
			isa = PBXFrameworksBuildPhase;
			buildActionMask = 0;
			files = (
			);
			runOnlyForDeploymentPostprocessing = 0;
		};
		OBJ_137 /* Frameworks */ = {
			isa = PBXFrameworksBuildPhase;
			buildActionMask = 0;
			files = (
				OBJ_138 /* SwiftFormat.framework in Frameworks */,
				OBJ_139 /* Stencil.framework in Frameworks */,
				OBJ_140 /* PathKit.framework in Frameworks */,
			);
			runOnlyForDeploymentPostprocessing = 0;
		};
		OBJ_65 /* Frameworks */ = {
			isa = PBXFrameworksBuildPhase;
			buildActionMask = 0;
			files = (
			);
			runOnlyForDeploymentPostprocessing = 0;
		};
		OBJ_97 /* Frameworks */ = {
			isa = PBXFrameworksBuildPhase;
			buildActionMask = 0;
			files = (
				OBJ_98 /* PathKit.framework in Frameworks */,
			);
			runOnlyForDeploymentPostprocessing = 0;
		};
/* End PBXFrameworksBuildPhase section */

/* Begin PBXGroup section */
		OBJ_10 /* Tests */ = {
			isa = PBXGroup;
			children = (
			);
			name = Tests;
			sourceTree = SOURCE_ROOT;
		};
		OBJ_12 /* Dependencies */ = {
			isa = PBXGroup;
			children = (
				OBJ_13 /* SwiftFormat 0.35.7 */,
				OBJ_29 /* Stencil 0.13.1 */,
				OBJ_51 /* PathKit 0.9.2 */,
			);
			name = Dependencies;
			sourceTree = "<group>";
		};
		OBJ_13 /* SwiftFormat 0.35.7 */ = {
			isa = PBXGroup;
			children = (
				OBJ_14 /* CommandLineTool */,
				OBJ_15 /* SwiftFormat */,
				OBJ_28 /* Package.swift */,
			);
			name = "SwiftFormat 0.35.7";
			sourceTree = SOURCE_ROOT;
		};
		OBJ_14 /* CommandLineTool */ = {
			isa = PBXGroup;
			children = (
			);
			name = CommandLineTool;
			path = ".build/checkouts/SwiftFormat.git--6154446491059800643/CommandLineTool";
			sourceTree = SOURCE_ROOT;
		};
		OBJ_15 /* SwiftFormat */ = {
			isa = PBXGroup;
			children = (
				OBJ_16 /* Arguments.swift */,
				OBJ_17 /* CommandLine.swift */,
				OBJ_18 /* EnumAssociable.swift */,
				OBJ_19 /* Formatter.swift */,
				OBJ_20 /* Inference.swift */,
				OBJ_21 /* Options.swift */,
				OBJ_22 /* OptionsDescriptor.swift */,
				OBJ_23 /* OptionsStore.swift */,
				OBJ_24 /* Rules.swift */,
				OBJ_25 /* RulesStore.swift */,
				OBJ_26 /* SwiftFormat.swift */,
				OBJ_27 /* Tokenizer.swift */,
			);
			name = SwiftFormat;
			path = ".build/checkouts/SwiftFormat.git--6154446491059800643/Sources";
			sourceTree = SOURCE_ROOT;
		};
		OBJ_29 /* Stencil 0.13.1 */ = {
			isa = PBXGroup;
			children = (
				OBJ_30 /* Package.swift */,
				OBJ_31 /* Context.swift */,
				OBJ_32 /* Environment.swift */,
				OBJ_33 /* Errors.swift */,
				OBJ_34 /* Expression.swift */,
				OBJ_35 /* Extension.swift */,
				OBJ_36 /* FilterTag.swift */,
				OBJ_37 /* Filters.swift */,
				OBJ_38 /* ForTag.swift */,
				OBJ_39 /* IfTag.swift */,
				OBJ_40 /* Include.swift */,
				OBJ_41 /* Inheritence.swift */,
				OBJ_42 /* KeyPath.swift */,
				OBJ_43 /* Lexer.swift */,
				OBJ_44 /* Loader.swift */,
				OBJ_45 /* Node.swift */,
				OBJ_46 /* NowTag.swift */,
				OBJ_47 /* Parser.swift */,
				OBJ_48 /* Template.swift */,
				OBJ_49 /* Tokenizer.swift */,
				OBJ_50 /* Variable.swift */,
			);
			name = "Stencil 0.13.1";
			path = ".build/checkouts/Stencil.git-4004820273740900614/Sources";
			sourceTree = SOURCE_ROOT;
		};
		OBJ_5 = {
			isa = PBXGroup;
			children = (
				OBJ_6 /* Package.swift */,
				OBJ_7 /* Sources */,
				OBJ_10 /* Tests */,
				OBJ_11 /* Templates */,
				OBJ_12 /* Dependencies */,
				OBJ_54 /* Products */,
			);
			sourceTree = "<group>";
		};
		OBJ_51 /* PathKit 0.9.2 */ = {
			isa = PBXGroup;
			children = (
				OBJ_52 /* Package.swift */,
				OBJ_53 /* PathKit.swift */,
			);
			name = "PathKit 0.9.2";
			path = ".build/checkouts/PathKit.git--3071277547364605650/Sources";
			sourceTree = SOURCE_ROOT;
		};
		OBJ_54 /* Products */ = {
			isa = PBXGroup;
			children = (
				"SwiftGraphMeta::SwiftGraphMeta::Product" /* SwiftGraphMeta */,
				"SwiftFormat::SwiftFormat::Product" /* SwiftFormat.framework */,
				"PathKit::PathKit::Product" /* PathKit.framework */,
				"Stencil::Stencil::Product" /* Stencil.framework */,
			);
			name = Products;
			sourceTree = BUILT_PRODUCTS_DIR;
		};
		OBJ_7 /* Sources */ = {
			isa = PBXGroup;
			children = (
				OBJ_8 /* Algorithm.swift */,
				B5D8CD7221A1C84D00E1A6DF /* Specialization.swift */,
				OBJ_9 /* main.swift */,
				B5BE8C6321A1C39300070BAF /* IO.swift */,
				B5D8CD7021A1C7F700E1A6DF /* Context.swift */,
				B5D8CD7421A1C8C700E1A6DF /* bfs.swift */,
				B5D8CD7621A1C8D300E1A6DF /* dfs.swift */,
			);
			path = Sources;
			sourceTree = SOURCE_ROOT;
		};
/* End PBXGroup section */

/* Begin PBXNativeTarget section */
		"PathKit::PathKit" /* PathKit */ = {
			isa = PBXNativeTarget;
			buildConfigurationList = OBJ_60 /* Build configuration list for PBXNativeTarget "PathKit" */;
			buildPhases = (
				OBJ_63 /* Sources */,
				OBJ_65 /* Frameworks */,
			);
			buildRules = (
			);
			dependencies = (
			);
			name = PathKit;
			productName = PathKit;
			productReference = "PathKit::PathKit::Product" /* PathKit.framework */;
			productType = "com.apple.product-type.framework";
		};
		"PathKit::SwiftPMPackageDescription" /* PathKitPackageDescription */ = {
			isa = PBXNativeTarget;
			buildConfigurationList = OBJ_67 /* Build configuration list for PBXNativeTarget "PathKitPackageDescription" */;
			buildPhases = (
				OBJ_70 /* Sources */,
			);
			buildRules = (
			);
			dependencies = (
			);
			name = PathKitPackageDescription;
			productName = PathKitPackageDescription;
			productType = "com.apple.product-type.framework";
		};
		"Stencil::Stencil" /* Stencil */ = {
			isa = PBXNativeTarget;
			buildConfigurationList = OBJ_73 /* Build configuration list for PBXNativeTarget "Stencil" */;
			buildPhases = (
				OBJ_76 /* Sources */,
				OBJ_97 /* Frameworks */,
			);
			buildRules = (
			);
			dependencies = (
				OBJ_99 /* PBXTargetDependency */,
			);
			name = Stencil;
			productName = Stencil;
			productReference = "Stencil::Stencil::Product" /* Stencil.framework */;
			productType = "com.apple.product-type.framework";
		};
		"Stencil::SwiftPMPackageDescription" /* StencilPackageDescription */ = {
			isa = PBXNativeTarget;
			buildConfigurationList = OBJ_101 /* Build configuration list for PBXNativeTarget "StencilPackageDescription" */;
			buildPhases = (
				OBJ_104 /* Sources */,
			);
			buildRules = (
			);
			dependencies = (
			);
			name = StencilPackageDescription;
			productName = StencilPackageDescription;
			productType = "com.apple.product-type.framework";
		};
		"SwiftFormat::SwiftFormat" /* SwiftFormat */ = {
			isa = PBXNativeTarget;
			buildConfigurationList = OBJ_107 /* Build configuration list for PBXNativeTarget "SwiftFormat" */;
			buildPhases = (
				OBJ_110 /* Sources */,
				OBJ_123 /* Frameworks */,
			);
			buildRules = (
			);
			dependencies = (
			);
			name = SwiftFormat;
			productName = SwiftFormat;
			productReference = "SwiftFormat::SwiftFormat::Product" /* SwiftFormat.framework */;
			productType = "com.apple.product-type.framework";
		};
		"SwiftFormat::SwiftPMPackageDescription" /* SwiftFormatPackageDescription */ = {
			isa = PBXNativeTarget;
			buildConfigurationList = OBJ_125 /* Build configuration list for PBXNativeTarget "SwiftFormatPackageDescription" */;
			buildPhases = (
				OBJ_128 /* Sources */,
			);
			buildRules = (
			);
			dependencies = (
			);
			name = SwiftFormatPackageDescription;
			productName = SwiftFormatPackageDescription;
			productType = "com.apple.product-type.framework";
		};
		"SwiftGraphMeta::SwiftGraphMeta" /* SwiftGraphMeta */ = {
			isa = PBXNativeTarget;
			buildConfigurationList = OBJ_131 /* Build configuration list for PBXNativeTarget "SwiftGraphMeta" */;
			buildPhases = (
				OBJ_134 /* Sources */,
				OBJ_137 /* Frameworks */,
			);
			buildRules = (
			);
			dependencies = (
				OBJ_141 /* PBXTargetDependency */,
				OBJ_142 /* PBXTargetDependency */,
				OBJ_143 /* PBXTargetDependency */,
			);
			name = SwiftGraphMeta;
			productName = SwiftGraphMeta;
			productReference = "SwiftGraphMeta::SwiftGraphMeta::Product" /* SwiftGraphMeta */;
			productType = "com.apple.product-type.tool";
		};
		"SwiftGraphMeta::SwiftPMPackageDescription" /* SwiftGraphMetaPackageDescription */ = {
			isa = PBXNativeTarget;
			buildConfigurationList = OBJ_145 /* Build configuration list for PBXNativeTarget "SwiftGraphMetaPackageDescription" */;
			buildPhases = (
				OBJ_148 /* Sources */,
			);
			buildRules = (
			);
			dependencies = (
			);
			name = SwiftGraphMetaPackageDescription;
			productName = SwiftGraphMetaPackageDescription;
			productType = "com.apple.product-type.framework";
		};
/* End PBXNativeTarget section */

/* Begin PBXProject section */
		OBJ_1 /* Project object */ = {
			isa = PBXProject;
			attributes = {
				LastUpgradeCheck = 9999;
			};
			buildConfigurationList = OBJ_2 /* Build configuration list for PBXProject "SwiftGraphMeta" */;
			compatibilityVersion = "Xcode 3.2";
			developmentRegion = English;
			hasScannedForEncodings = 0;
			knownRegions = (
				en,
			);
			mainGroup = OBJ_5;
			productRefGroup = OBJ_54 /* Products */;
			projectDirPath = "";
			projectRoot = "";
			targets = (
				"PathKit::PathKit" /* PathKit */,
				"PathKit::SwiftPMPackageDescription" /* PathKitPackageDescription */,
				"Stencil::Stencil" /* Stencil */,
				"Stencil::SwiftPMPackageDescription" /* StencilPackageDescription */,
				"SwiftFormat::SwiftFormat" /* SwiftFormat */,
				"SwiftFormat::SwiftPMPackageDescription" /* SwiftFormatPackageDescription */,
				"SwiftGraphMeta::SwiftGraphMeta" /* SwiftGraphMeta */,
				"SwiftGraphMeta::SwiftPMPackageDescription" /* SwiftGraphMetaPackageDescription */,
			);
		};
/* End PBXProject section */

/* Begin PBXSourcesBuildPhase section */
		OBJ_104 /* Sources */ = {
			isa = PBXSourcesBuildPhase;
			buildActionMask = 0;
			files = (
				OBJ_105 /* Package.swift in Sources */,
			);
			runOnlyForDeploymentPostprocessing = 0;
		};
		OBJ_110 /* Sources */ = {
			isa = PBXSourcesBuildPhase;
			buildActionMask = 0;
			files = (
				OBJ_111 /* Arguments.swift in Sources */,
				OBJ_112 /* CommandLine.swift in Sources */,
				OBJ_113 /* EnumAssociable.swift in Sources */,
				OBJ_114 /* Formatter.swift in Sources */,
				OBJ_115 /* Inference.swift in Sources */,
				OBJ_116 /* Options.swift in Sources */,
				OBJ_117 /* OptionsDescriptor.swift in Sources */,
				OBJ_118 /* OptionsStore.swift in Sources */,
				OBJ_119 /* Rules.swift in Sources */,
				OBJ_120 /* RulesStore.swift in Sources */,
				OBJ_121 /* SwiftFormat.swift in Sources */,
				OBJ_122 /* Tokenizer.swift in Sources */,
			);
			runOnlyForDeploymentPostprocessing = 0;
		};
		OBJ_128 /* Sources */ = {
			isa = PBXSourcesBuildPhase;
			buildActionMask = 0;
			files = (
				OBJ_129 /* Package.swift in Sources */,
			);
			runOnlyForDeploymentPostprocessing = 0;
		};
		OBJ_134 /* Sources */ = {
			isa = PBXSourcesBuildPhase;
			buildActionMask = 0;
			files = (
				OBJ_135 /* Algorithm.swift in Sources */,
				B5D8CD7721A1C8D300E1A6DF /* dfs.swift in Sources */,
				B5D8CD7121A1C7F700E1A6DF /* Context.swift in Sources */,
				OBJ_136 /* main.swift in Sources */,
				B5D8CD7521A1C8C700E1A6DF /* bfs.swift in Sources */,
				B5D8CD7321A1C84D00E1A6DF /* Specialization.swift in Sources */,
				B5BE8C6721A1C4DE00070BAF /* IO.swift in Sources */,
			);
			runOnlyForDeploymentPostprocessing = 0;
		};
		OBJ_148 /* Sources */ = {
			isa = PBXSourcesBuildPhase;
			buildActionMask = 0;
			files = (
				OBJ_149 /* Package.swift in Sources */,
			);
			runOnlyForDeploymentPostprocessing = 0;
		};
		OBJ_63 /* Sources */ = {
			isa = PBXSourcesBuildPhase;
			buildActionMask = 0;
			files = (
				OBJ_64 /* PathKit.swift in Sources */,
			);
			runOnlyForDeploymentPostprocessing = 0;
		};
		OBJ_70 /* Sources */ = {
			isa = PBXSourcesBuildPhase;
			buildActionMask = 0;
			files = (
				OBJ_71 /* Package.swift in Sources */,
			);
			runOnlyForDeploymentPostprocessing = 0;
		};
		OBJ_76 /* Sources */ = {
			isa = PBXSourcesBuildPhase;
			buildActionMask = 0;
			files = (
				OBJ_77 /* Context.swift in Sources */,
				OBJ_78 /* Environment.swift in Sources */,
				OBJ_79 /* Errors.swift in Sources */,
				OBJ_80 /* Expression.swift in Sources */,
				OBJ_81 /* Extension.swift in Sources */,
				OBJ_82 /* FilterTag.swift in Sources */,
				OBJ_83 /* Filters.swift in Sources */,
				OBJ_84 /* ForTag.swift in Sources */,
				OBJ_85 /* IfTag.swift in Sources */,
				OBJ_86 /* Include.swift in Sources */,
				OBJ_87 /* Inheritence.swift in Sources */,
				OBJ_88 /* KeyPath.swift in Sources */,
				OBJ_89 /* Lexer.swift in Sources */,
				OBJ_90 /* Loader.swift in Sources */,
				OBJ_91 /* Node.swift in Sources */,
				OBJ_92 /* NowTag.swift in Sources */,
				OBJ_93 /* Parser.swift in Sources */,
				OBJ_94 /* Template.swift in Sources */,
				OBJ_95 /* Tokenizer.swift in Sources */,
				OBJ_96 /* Variable.swift in Sources */,
			);
			runOnlyForDeploymentPostprocessing = 0;
		};
/* End PBXSourcesBuildPhase section */

/* Begin PBXTargetDependency section */
		OBJ_141 /* PBXTargetDependency */ = {
			isa = PBXTargetDependency;
			target = "SwiftFormat::SwiftFormat" /* SwiftFormat */;
			targetProxy = B5BE8C5D21A18F3A00070BAF /* PBXContainerItemProxy */;
		};
		OBJ_142 /* PBXTargetDependency */ = {
			isa = PBXTargetDependency;
			target = "Stencil::Stencil" /* Stencil */;
			targetProxy = B5BE8C5E21A18F3A00070BAF /* PBXContainerItemProxy */;
		};
		OBJ_143 /* PBXTargetDependency */ = {
			isa = PBXTargetDependency;
			target = "PathKit::PathKit" /* PathKit */;
			targetProxy = B5BE8C6021A18F3A00070BAF /* PBXContainerItemProxy */;
		};
		OBJ_99 /* PBXTargetDependency */ = {
			isa = PBXTargetDependency;
			target = "PathKit::PathKit" /* PathKit */;
			targetProxy = B5BE8C5F21A18F3A00070BAF /* PBXContainerItemProxy */;
		};
/* End PBXTargetDependency section */

/* Begin XCBuildConfiguration section */
		OBJ_102 /* Debug */ = {
			isa = XCBuildConfiguration;
			buildSettings = {
				LD = /usr/bin/true;
				OTHER_SWIFT_FLAGS = "-swift-version 4.2 -I $(TOOLCHAIN_DIR)/usr/lib/swift/pm/4_2 -target x86_64-apple-macosx10.10 -sdk /Applications/Xcode_10.1.app/Contents/Developer/Platforms/MacOSX.platform/Developer/SDKs/MacOSX10.14.sdk";
				SWIFT_VERSION = 4.2;
			};
			name = Debug;
		};
		OBJ_103 /* Release */ = {
			isa = XCBuildConfiguration;
			buildSettings = {
				LD = /usr/bin/true;
				OTHER_SWIFT_FLAGS = "-swift-version 4.2 -I $(TOOLCHAIN_DIR)/usr/lib/swift/pm/4_2 -target x86_64-apple-macosx10.10 -sdk /Applications/Xcode_10.1.app/Contents/Developer/Platforms/MacOSX.platform/Developer/SDKs/MacOSX10.14.sdk";
				SWIFT_VERSION = 4.2;
			};
			name = Release;
		};
		OBJ_108 /* Debug */ = {
			isa = XCBuildConfiguration;
			buildSettings = {
				ENABLE_TESTABILITY = YES;
				FRAMEWORK_SEARCH_PATHS = (
					"$(inherited)",
					"$(PLATFORM_DIR)/Developer/Library/Frameworks",
				);
				HEADER_SEARCH_PATHS = "$(inherited)";
				INFOPLIST_FILE = SwiftGraphMeta.xcodeproj/SwiftFormat_Info.plist;
				LD_RUNPATH_SEARCH_PATHS = "$(inherited) $(TOOLCHAIN_DIR)/usr/lib/swift/macosx";
				OTHER_CFLAGS = "$(inherited)";
				OTHER_LDFLAGS = "$(inherited)";
				OTHER_SWIFT_FLAGS = "$(inherited)";
				PRODUCT_BUNDLE_IDENTIFIER = SwiftFormat;
				PRODUCT_MODULE_NAME = "$(TARGET_NAME:c99extidentifier)";
				PRODUCT_NAME = "$(TARGET_NAME:c99extidentifier)";
				SKIP_INSTALL = YES;
				SWIFT_ACTIVE_COMPILATION_CONDITIONS = "$(inherited)";
				SWIFT_VERSION = 4.0;
				TARGET_NAME = SwiftFormat;
			};
			name = Debug;
		};
		OBJ_109 /* Release */ = {
			isa = XCBuildConfiguration;
			buildSettings = {
				ENABLE_TESTABILITY = YES;
				FRAMEWORK_SEARCH_PATHS = (
					"$(inherited)",
					"$(PLATFORM_DIR)/Developer/Library/Frameworks",
				);
				HEADER_SEARCH_PATHS = "$(inherited)";
				INFOPLIST_FILE = SwiftGraphMeta.xcodeproj/SwiftFormat_Info.plist;
				LD_RUNPATH_SEARCH_PATHS = "$(inherited) $(TOOLCHAIN_DIR)/usr/lib/swift/macosx";
				OTHER_CFLAGS = "$(inherited)";
				OTHER_LDFLAGS = "$(inherited)";
				OTHER_SWIFT_FLAGS = "$(inherited)";
				PRODUCT_BUNDLE_IDENTIFIER = SwiftFormat;
				PRODUCT_MODULE_NAME = "$(TARGET_NAME:c99extidentifier)";
				PRODUCT_NAME = "$(TARGET_NAME:c99extidentifier)";
				SKIP_INSTALL = YES;
				SWIFT_ACTIVE_COMPILATION_CONDITIONS = "$(inherited)";
				SWIFT_VERSION = 4.0;
				TARGET_NAME = SwiftFormat;
			};
			name = Release;
		};
		OBJ_126 /* Debug */ = {
			isa = XCBuildConfiguration;
			buildSettings = {
				LD = /usr/bin/true;
				OTHER_SWIFT_FLAGS = "-swift-version 4 -I $(TOOLCHAIN_DIR)/usr/lib/swift/pm/4 -target x86_64-apple-macosx10.10 -sdk /Applications/Xcode_10.1.app/Contents/Developer/Platforms/MacOSX.platform/Developer/SDKs/MacOSX10.14.sdk";
				SWIFT_VERSION = 4.0;
			};
			name = Debug;
		};
		OBJ_127 /* Release */ = {
			isa = XCBuildConfiguration;
			buildSettings = {
				LD = /usr/bin/true;
				OTHER_SWIFT_FLAGS = "-swift-version 4 -I $(TOOLCHAIN_DIR)/usr/lib/swift/pm/4 -target x86_64-apple-macosx10.10 -sdk /Applications/Xcode_10.1.app/Contents/Developer/Platforms/MacOSX.platform/Developer/SDKs/MacOSX10.14.sdk";
				SWIFT_VERSION = 4.0;
			};
			name = Release;
		};
		OBJ_132 /* Debug */ = {
			isa = XCBuildConfiguration;
			buildSettings = {
				FRAMEWORK_SEARCH_PATHS = (
					"$(inherited)",
					"$(PLATFORM_DIR)/Developer/Library/Frameworks",
				);
				HEADER_SEARCH_PATHS = "$(inherited)";
				INFOPLIST_FILE = SwiftGraphMeta.xcodeproj/SwiftGraphMeta_Info.plist;
				LD_RUNPATH_SEARCH_PATHS = "$(inherited) $(TOOLCHAIN_DIR)/usr/lib/swift/macosx @executable_path";
				OTHER_CFLAGS = "$(inherited)";
				OTHER_LDFLAGS = "$(inherited)";
				OTHER_SWIFT_FLAGS = "$(inherited)";
				SWIFT_ACTIVE_COMPILATION_CONDITIONS = "$(inherited)";
				SWIFT_FORCE_DYNAMIC_LINK_STDLIB = YES;
				SWIFT_FORCE_STATIC_LINK_STDLIB = NO;
				SWIFT_VERSION = 4.0;
				TARGET_NAME = SwiftGraphMeta;
			};
			name = Debug;
		};
		OBJ_133 /* Release */ = {
			isa = XCBuildConfiguration;
			buildSettings = {
				FRAMEWORK_SEARCH_PATHS = (
					"$(inherited)",
					"$(PLATFORM_DIR)/Developer/Library/Frameworks",
				);
				HEADER_SEARCH_PATHS = "$(inherited)";
				INFOPLIST_FILE = SwiftGraphMeta.xcodeproj/SwiftGraphMeta_Info.plist;
				LD_RUNPATH_SEARCH_PATHS = "$(inherited) $(TOOLCHAIN_DIR)/usr/lib/swift/macosx @executable_path";
				OTHER_CFLAGS = "$(inherited)";
				OTHER_LDFLAGS = "$(inherited)";
				OTHER_SWIFT_FLAGS = "$(inherited)";
				SWIFT_ACTIVE_COMPILATION_CONDITIONS = "$(inherited)";
				SWIFT_FORCE_DYNAMIC_LINK_STDLIB = YES;
				SWIFT_FORCE_STATIC_LINK_STDLIB = NO;
				SWIFT_VERSION = 4.0;
				TARGET_NAME = SwiftGraphMeta;
			};
			name = Release;
		};
		OBJ_146 /* Debug */ = {
			isa = XCBuildConfiguration;
			buildSettings = {
				LD = /usr/bin/true;
				OTHER_SWIFT_FLAGS = "-swift-version 4 -I $(TOOLCHAIN_DIR)/usr/lib/swift/pm/4 -target x86_64-apple-macosx10.10 -sdk /Applications/Xcode_10.1.app/Contents/Developer/Platforms/MacOSX.platform/Developer/SDKs/MacOSX10.14.sdk";
				SWIFT_VERSION = 4.0;
			};
			name = Debug;
		};
		OBJ_147 /* Release */ = {
			isa = XCBuildConfiguration;
			buildSettings = {
				LD = /usr/bin/true;
				OTHER_SWIFT_FLAGS = "-swift-version 4 -I $(TOOLCHAIN_DIR)/usr/lib/swift/pm/4 -target x86_64-apple-macosx10.10 -sdk /Applications/Xcode_10.1.app/Contents/Developer/Platforms/MacOSX.platform/Developer/SDKs/MacOSX10.14.sdk";
				SWIFT_VERSION = 4.0;
			};
			name = Release;
		};
		OBJ_3 /* Debug */ = {
			isa = XCBuildConfiguration;
			buildSettings = {
				CLANG_ENABLE_OBJC_ARC = YES;
				COMBINE_HIDPI_IMAGES = YES;
				COPY_PHASE_STRIP = NO;
				DEBUG_INFORMATION_FORMAT = dwarf;
				DYLIB_INSTALL_NAME_BASE = "@rpath";
				ENABLE_NS_ASSERTIONS = YES;
				GCC_OPTIMIZATION_LEVEL = 0;
				GCC_PREPROCESSOR_DEFINITIONS = (
					"DEBUG=1",
					"$(inherited)",
				);
				MACOSX_DEPLOYMENT_TARGET = 10.10;
				ONLY_ACTIVE_ARCH = YES;
				OTHER_SWIFT_FLAGS = "-DXcode";
				PRODUCT_NAME = "$(TARGET_NAME)";
				SDKROOT = macosx;
				SUPPORTED_PLATFORMS = "macosx iphoneos iphonesimulator appletvos appletvsimulator watchos watchsimulator";
				SWIFT_ACTIVE_COMPILATION_CONDITIONS = "SWIFT_PACKAGE DEBUG";
				SWIFT_OPTIMIZATION_LEVEL = "-Onone";
				USE_HEADERMAP = NO;
			};
			name = Debug;
		};
		OBJ_4 /* Release */ = {
			isa = XCBuildConfiguration;
			buildSettings = {
				CLANG_ENABLE_OBJC_ARC = YES;
				COMBINE_HIDPI_IMAGES = YES;
				COPY_PHASE_STRIP = YES;
				DEBUG_INFORMATION_FORMAT = "dwarf-with-dsym";
				DYLIB_INSTALL_NAME_BASE = "@rpath";
				GCC_OPTIMIZATION_LEVEL = s;
				MACOSX_DEPLOYMENT_TARGET = 10.10;
				OTHER_SWIFT_FLAGS = "-DXcode";
				PRODUCT_NAME = "$(TARGET_NAME)";
				SDKROOT = macosx;
				SUPPORTED_PLATFORMS = "macosx iphoneos iphonesimulator appletvos appletvsimulator watchos watchsimulator";
				SWIFT_ACTIVE_COMPILATION_CONDITIONS = SWIFT_PACKAGE;
				SWIFT_OPTIMIZATION_LEVEL = "-Owholemodule";
				USE_HEADERMAP = NO;
			};
			name = Release;
		};
		OBJ_61 /* Debug */ = {
			isa = XCBuildConfiguration;
			buildSettings = {
				ENABLE_TESTABILITY = YES;
				FRAMEWORK_SEARCH_PATHS = (
					"$(inherited)",
					"$(PLATFORM_DIR)/Developer/Library/Frameworks",
				);
				HEADER_SEARCH_PATHS = "$(inherited)";
				INFOPLIST_FILE = SwiftGraphMeta.xcodeproj/PathKit_Info.plist;
				LD_RUNPATH_SEARCH_PATHS = "$(inherited) $(TOOLCHAIN_DIR)/usr/lib/swift/macosx";
				OTHER_CFLAGS = "$(inherited)";
				OTHER_LDFLAGS = "$(inherited)";
				OTHER_SWIFT_FLAGS = "$(inherited)";
				PRODUCT_BUNDLE_IDENTIFIER = PathKit;
				PRODUCT_MODULE_NAME = "$(TARGET_NAME:c99extidentifier)";
				PRODUCT_NAME = "$(TARGET_NAME:c99extidentifier)";
				SKIP_INSTALL = YES;
				SWIFT_ACTIVE_COMPILATION_CONDITIONS = "$(inherited)";
				SWIFT_VERSION = 4.2;
				TARGET_NAME = PathKit;
			};
			name = Debug;
		};
		OBJ_62 /* Release */ = {
			isa = XCBuildConfiguration;
			buildSettings = {
				ENABLE_TESTABILITY = YES;
				FRAMEWORK_SEARCH_PATHS = (
					"$(inherited)",
					"$(PLATFORM_DIR)/Developer/Library/Frameworks",
				);
				HEADER_SEARCH_PATHS = "$(inherited)";
				INFOPLIST_FILE = SwiftGraphMeta.xcodeproj/PathKit_Info.plist;
				LD_RUNPATH_SEARCH_PATHS = "$(inherited) $(TOOLCHAIN_DIR)/usr/lib/swift/macosx";
				OTHER_CFLAGS = "$(inherited)";
				OTHER_LDFLAGS = "$(inherited)";
				OTHER_SWIFT_FLAGS = "$(inherited)";
				PRODUCT_BUNDLE_IDENTIFIER = PathKit;
				PRODUCT_MODULE_NAME = "$(TARGET_NAME:c99extidentifier)";
				PRODUCT_NAME = "$(TARGET_NAME:c99extidentifier)";
				SKIP_INSTALL = YES;
				SWIFT_ACTIVE_COMPILATION_CONDITIONS = "$(inherited)";
				SWIFT_VERSION = 4.2;
				TARGET_NAME = PathKit;
			};
			name = Release;
		};
		OBJ_68 /* Debug */ = {
			isa = XCBuildConfiguration;
			buildSettings = {
				LD = /usr/bin/true;
				OTHER_SWIFT_FLAGS = "-swift-version 4.2 -I $(TOOLCHAIN_DIR)/usr/lib/swift/pm/4_2 -target x86_64-apple-macosx10.10 -sdk /Applications/Xcode_10.1.app/Contents/Developer/Platforms/MacOSX.platform/Developer/SDKs/MacOSX10.14.sdk";
				SWIFT_VERSION = 4.2;
			};
			name = Debug;
		};
		OBJ_69 /* Release */ = {
			isa = XCBuildConfiguration;
			buildSettings = {
				LD = /usr/bin/true;
				OTHER_SWIFT_FLAGS = "-swift-version 4.2 -I $(TOOLCHAIN_DIR)/usr/lib/swift/pm/4_2 -target x86_64-apple-macosx10.10 -sdk /Applications/Xcode_10.1.app/Contents/Developer/Platforms/MacOSX.platform/Developer/SDKs/MacOSX10.14.sdk";
				SWIFT_VERSION = 4.2;
			};
			name = Release;
		};
		OBJ_74 /* Debug */ = {
			isa = XCBuildConfiguration;
			buildSettings = {
				ENABLE_TESTABILITY = YES;
				FRAMEWORK_SEARCH_PATHS = (
					"$(inherited)",
					"$(PLATFORM_DIR)/Developer/Library/Frameworks",
				);
				HEADER_SEARCH_PATHS = "$(inherited)";
				INFOPLIST_FILE = SwiftGraphMeta.xcodeproj/Stencil_Info.plist;
				LD_RUNPATH_SEARCH_PATHS = "$(inherited) $(TOOLCHAIN_DIR)/usr/lib/swift/macosx";
				OTHER_CFLAGS = "$(inherited)";
				OTHER_LDFLAGS = "$(inherited)";
				OTHER_SWIFT_FLAGS = "$(inherited)";
				PRODUCT_BUNDLE_IDENTIFIER = Stencil;
				PRODUCT_MODULE_NAME = "$(TARGET_NAME:c99extidentifier)";
				PRODUCT_NAME = "$(TARGET_NAME:c99extidentifier)";
				SKIP_INSTALL = YES;
				SWIFT_ACTIVE_COMPILATION_CONDITIONS = "$(inherited)";
				SWIFT_VERSION = 4.2;
				TARGET_NAME = Stencil;
			};
			name = Debug;
		};
		OBJ_75 /* Release */ = {
			isa = XCBuildConfiguration;
			buildSettings = {
				ENABLE_TESTABILITY = YES;
				FRAMEWORK_SEARCH_PATHS = (
					"$(inherited)",
					"$(PLATFORM_DIR)/Developer/Library/Frameworks",
				);
				HEADER_SEARCH_PATHS = "$(inherited)";
				INFOPLIST_FILE = SwiftGraphMeta.xcodeproj/Stencil_Info.plist;
				LD_RUNPATH_SEARCH_PATHS = "$(inherited) $(TOOLCHAIN_DIR)/usr/lib/swift/macosx";
				OTHER_CFLAGS = "$(inherited)";
				OTHER_LDFLAGS = "$(inherited)";
				OTHER_SWIFT_FLAGS = "$(inherited)";
				PRODUCT_BUNDLE_IDENTIFIER = Stencil;
				PRODUCT_MODULE_NAME = "$(TARGET_NAME:c99extidentifier)";
				PRODUCT_NAME = "$(TARGET_NAME:c99extidentifier)";
				SKIP_INSTALL = YES;
				SWIFT_ACTIVE_COMPILATION_CONDITIONS = "$(inherited)";
				SWIFT_VERSION = 4.2;
				TARGET_NAME = Stencil;
			};
			name = Release;
		};
/* End XCBuildConfiguration section */

/* Begin XCConfigurationList section */
		OBJ_101 /* Build configuration list for PBXNativeTarget "StencilPackageDescription" */ = {
			isa = XCConfigurationList;
			buildConfigurations = (
				OBJ_102 /* Debug */,
				OBJ_103 /* Release */,
			);
			defaultConfigurationIsVisible = 0;
			defaultConfigurationName = Release;
		};
		OBJ_107 /* Build configuration list for PBXNativeTarget "SwiftFormat" */ = {
			isa = XCConfigurationList;
			buildConfigurations = (
				OBJ_108 /* Debug */,
				OBJ_109 /* Release */,
			);
			defaultConfigurationIsVisible = 0;
			defaultConfigurationName = Release;
		};
		OBJ_125 /* Build configuration list for PBXNativeTarget "SwiftFormatPackageDescription" */ = {
			isa = XCConfigurationList;
			buildConfigurations = (
				OBJ_126 /* Debug */,
				OBJ_127 /* Release */,
			);
			defaultConfigurationIsVisible = 0;
			defaultConfigurationName = Release;
		};
		OBJ_131 /* Build configuration list for PBXNativeTarget "SwiftGraphMeta" */ = {
			isa = XCConfigurationList;
			buildConfigurations = (
				OBJ_132 /* Debug */,
				OBJ_133 /* Release */,
			);
			defaultConfigurationIsVisible = 0;
			defaultConfigurationName = Release;
		};
		OBJ_145 /* Build configuration list for PBXNativeTarget "SwiftGraphMetaPackageDescription" */ = {
			isa = XCConfigurationList;
			buildConfigurations = (
				OBJ_146 /* Debug */,
				OBJ_147 /* Release */,
			);
			defaultConfigurationIsVisible = 0;
			defaultConfigurationName = Release;
		};
		OBJ_2 /* Build configuration list for PBXProject "SwiftGraphMeta" */ = {
			isa = XCConfigurationList;
			buildConfigurations = (
				OBJ_3 /* Debug */,
				OBJ_4 /* Release */,
			);
			defaultConfigurationIsVisible = 0;
			defaultConfigurationName = Release;
		};
		OBJ_60 /* Build configuration list for PBXNativeTarget "PathKit" */ = {
			isa = XCConfigurationList;
			buildConfigurations = (
				OBJ_61 /* Debug */,
				OBJ_62 /* Release */,
			);
			defaultConfigurationIsVisible = 0;
			defaultConfigurationName = Release;
		};
		OBJ_67 /* Build configuration list for PBXNativeTarget "PathKitPackageDescription" */ = {
			isa = XCConfigurationList;
			buildConfigurations = (
				OBJ_68 /* Debug */,
				OBJ_69 /* Release */,
			);
			defaultConfigurationIsVisible = 0;
			defaultConfigurationName = Release;
		};
		OBJ_73 /* Build configuration list for PBXNativeTarget "Stencil" */ = {
			isa = XCConfigurationList;
			buildConfigurations = (
				OBJ_74 /* Debug */,
				OBJ_75 /* Release */,
			);
			defaultConfigurationIsVisible = 0;
			defaultConfigurationName = Release;
		};
/* End XCConfigurationList section */
	};
	rootObject = OBJ_1 /* Project object */;
}
